# This file is autogenerated, do not edit; changes may be undone by the next 'dep ensure'.


[[projects]]
  branch = "master"
  name = "github.com/manucorporat/sse"
  packages = ["."]
  revision = "ee05b128a739a0fb76c7ebd3ae4810c1de808d6d"

[[projects]]
  branch = "master"
  name = "github.com/ouven/ssehandler-go"
  packages = ["."]
  revision = "662a9ee5d87dc3614f748951e403338d02b4af01"

[[projects]]
  name = "github.com/satori/go.uuid"
  packages = ["."]
  revision = "f58768cc1a7a7e77a3bd49e98cdd21419399b6a3"
  version = "v1.2.0"

[solve-meta]
  analyzer-name = "dep"
  analyzer-version = 1
  inputs-digest = "1fdcab1ce919dc516bc0691f8a95ccce6db6acc2a49c470bf618c3b088c062e4"
  solver-name = "gps-cdcl"
  solver-version = 1
